
Microsoft Visual Studio Solution File, Format Version 12.00
# Visual Studio Version 17
VisualStudioVersion = 17.3.33027.108
MinimumVisualStudioVersion = 10.0.40219.1
Project("{FAE04EC0-301F-11D3-BF4B-00C04F79EFBC}") = "InteroperabilityTest_Engine", "InteroperabilityTest_Engine\InteroperabilityTest_Engine.csproj", "{DF4047D7-2883-4763-83C0-B1D3B391D454}"
EndProject
Project("{FAE04EC0-301F-11D3-BF4B-00C04F79EFBC}") = "CodeComplianceTest_Engine", "CodeComplianceTest_Engine\CodeComplianceTest_Engine.csproj", "{5E17BA6F-F159-47DD-865C-F2DAA235AAC7}"
EndProject
Project("{FAE04EC0-301F-11D3-BF4B-00C04F79EFBC}") = "Test_Engine", "Test_Engine\Test_Engine.csproj", "{5FC85409-DBC5-4B0D-A2AA-1D9542F0763B}"
EndProject
Project("{FAE04EC0-301F-11D3-BF4B-00C04F79EFBC}") = "UnitTest_Engine", "UnitTest_Engine\UnitTest_Engine.csproj", "{768934CA-E6CF-44D3-9F74-611D4E58B1AE}"
EndProject
Project("{FAE04EC0-301F-11D3-BF4B-00C04F79EFBC}") = "InteroperabilityTest_oM", "InteroperabilityTest_oM\InteroperabilityTest_oM.csproj", "{8AA8B55E-0C55-4356-BF8B-98B98F6C346C}"
EndProject
Project("{FAE04EC0-301F-11D3-BF4B-00C04F79EFBC}") = "CodeComplianceTest_oM", "CodeCompliance_oM\CodeComplianceTest_oM.csproj", "{F758FC9C-CEDF-430D-AEFF-2B1E196F677B}"
EndProject
Project("{FAE04EC0-301F-11D3-BF4B-00C04F79EFBC}") = "TestRunner", "TestRunner\TestRunner.csproj", "{3F911D8A-55E4-4293-8FCF-DE37B3D79E72}"
EndProject
Project("{FAE04EC0-301F-11D3-BF4B-00C04F79EFBC}") = "UnitTest_oM", "UnitTest_oM\UnitTest_oM.csproj", "{1F163CFA-E407-4C7A-9DAF-1C19207A8983}"
EndProject
Project("{9A19103F-16F7-4668-BE54-9A1E7A4F7556}") = "NUnit_oM", "NUnit_oM\NUnit_oM.csproj", "{5359D5A5-C8F8-430E-98CF-52DCE3F48EFD}"
EndProject
Project("{FAE04EC0-301F-11D3-BF4B-00C04F79EFBC}") = "NUnit_Engine", "NUnit_Engine\NUnit_Engine.csproj", "{54087A4F-BBD2-464A-86E7-110A177770FE}"
EndProject
Project("{FAE04EC0-301F-11D3-BF4B-00C04F79EFBC}") = "TestSetup_Engine", "TestSetup_Engine\TestSetup_Engine.csproj", "{5D87C51F-E2BC-1CBF-36A4-FA03D3A09904}"
EndProject
Project("{FAE04EC0-301F-11D3-BF4B-00C04F79EFBC}") = "Compliance_Test", "Compliance_Test\Compliance_Test.csproj", "{356A77BF-AE0A-492D-9A77-1CE170F3D93B}"
EndProject
Project("{FAE04EC0-301F-11D3-BF4B-00C04F79EFBC}") = "Serialisation_Tests", "Serialisation_Tests\Serialisation_Tests.csproj", "{0951B695-2F68-4BCC-94D6-D03F3236E75A}"
EndProject
Project("{FAE04EC0-301F-11D3-BF4B-00C04F79EFBC}") = "UnitTest_Tests", "UnitTest_Tests\UnitTest_Tests.csproj", "{A48688A9-F4EE-48CB-9838-64EBCC5B933C}"
EndProject
Project("{FAE04EC0-301F-11D3-BF4B-00C04F79EFBC}") = "TestStartupHook", "TestStartupHook\TestStartupHook.csproj", "{B637F49E-F6DF-44B7-B921-01A8B4BCBC17}"
EndProject
Project("{2150E333-8FDC-42A3-9474-1A3956D46DE8}") = "Tests", "Tests", "{02EA681E-C7D8-13C7-8484-4AC65E1B71E8}"
EndProject
Global
	GlobalSection(SolutionConfigurationPlatforms) = preSolution
		Debug|Any CPU = Debug|Any CPU
		Release|Any CPU = Release|Any CPU
	EndGlobalSection
	GlobalSection(ProjectConfigurationPlatforms) = postSolution
		{DF4047D7-2883-4763-83C0-B1D3B391D454}.Debug|Any CPU.ActiveCfg = Debug|Any CPU
		{DF4047D7-2883-4763-83C0-B1D3B391D454}.Debug|Any CPU.Build.0 = Debug|Any CPU
		{DF4047D7-2883-4763-83C0-B1D3B391D454}.Release|Any CPU.ActiveCfg = Release|Any CPU
		{DF4047D7-2883-4763-83C0-B1D3B391D454}.Release|Any CPU.Build.0 = Release|Any CPU
		{5E17BA6F-F159-47DD-865C-F2DAA235AAC7}.Debug|Any CPU.ActiveCfg = Debug|Any CPU
		{5E17BA6F-F159-47DD-865C-F2DAA235AAC7}.Debug|Any CPU.Build.0 = Debug|Any CPU
		{5E17BA6F-F159-47DD-865C-F2DAA235AAC7}.Release|Any CPU.ActiveCfg = Release|Any CPU
		{5E17BA6F-F159-47DD-865C-F2DAA235AAC7}.Release|Any CPU.Build.0 = Release|Any CPU
		{5FC85409-DBC5-4B0D-A2AA-1D9542F0763B}.Debug|Any CPU.ActiveCfg = Debug|Any CPU
		{5FC85409-DBC5-4B0D-A2AA-1D9542F0763B}.Debug|Any CPU.Build.0 = Debug|Any CPU
		{5FC85409-DBC5-4B0D-A2AA-1D9542F0763B}.Release|Any CPU.ActiveCfg = Release|Any CPU
		{5FC85409-DBC5-4B0D-A2AA-1D9542F0763B}.Release|Any CPU.Build.0 = Release|Any CPU
		{768934CA-E6CF-44D3-9F74-611D4E58B1AE}.Debug|Any CPU.ActiveCfg = Debug|Any CPU
		{768934CA-E6CF-44D3-9F74-611D4E58B1AE}.Debug|Any CPU.Build.0 = Debug|Any CPU
		{768934CA-E6CF-44D3-9F74-611D4E58B1AE}.Release|Any CPU.ActiveCfg = Release|Any CPU
		{768934CA-E6CF-44D3-9F74-611D4E58B1AE}.Release|Any CPU.Build.0 = Release|Any CPU
		{8AA8B55E-0C55-4356-BF8B-98B98F6C346C}.Debug|Any CPU.ActiveCfg = Debug|Any CPU
		{8AA8B55E-0C55-4356-BF8B-98B98F6C346C}.Debug|Any CPU.Build.0 = Debug|Any CPU
		{8AA8B55E-0C55-4356-BF8B-98B98F6C346C}.Release|Any CPU.ActiveCfg = Release|Any CPU
		{8AA8B55E-0C55-4356-BF8B-98B98F6C346C}.Release|Any CPU.Build.0 = Release|Any CPU
		{F758FC9C-CEDF-430D-AEFF-2B1E196F677B}.Debug|Any CPU.ActiveCfg = Debug|Any CPU
		{F758FC9C-CEDF-430D-AEFF-2B1E196F677B}.Debug|Any CPU.Build.0 = Debug|Any CPU
		{F758FC9C-CEDF-430D-AEFF-2B1E196F677B}.Release|Any CPU.ActiveCfg = Release|Any CPU
		{F758FC9C-CEDF-430D-AEFF-2B1E196F677B}.Release|Any CPU.Build.0 = Release|Any CPU
		{3F911D8A-55E4-4293-8FCF-DE37B3D79E72}.Debug|Any CPU.ActiveCfg = Debug|Any CPU
		{3F911D8A-55E4-4293-8FCF-DE37B3D79E72}.Debug|Any CPU.Build.0 = Debug|Any CPU
		{3F911D8A-55E4-4293-8FCF-DE37B3D79E72}.Release|Any CPU.ActiveCfg = Release|Any CPU
		{3F911D8A-55E4-4293-8FCF-DE37B3D79E72}.Release|Any CPU.Build.0 = Release|Any CPU
		{1F163CFA-E407-4C7A-9DAF-1C19207A8983}.Debug|Any CPU.ActiveCfg = Debug|Any CPU
		{1F163CFA-E407-4C7A-9DAF-1C19207A8983}.Debug|Any CPU.Build.0 = Debug|Any CPU
		{1F163CFA-E407-4C7A-9DAF-1C19207A8983}.Release|Any CPU.ActiveCfg = Release|Any CPU
		{1F163CFA-E407-4C7A-9DAF-1C19207A8983}.Release|Any CPU.Build.0 = Release|Any CPU
		{5359D5A5-C8F8-430E-98CF-52DCE3F48EFD}.Debug|Any CPU.ActiveCfg = Debug|Any CPU
		{5359D5A5-C8F8-430E-98CF-52DCE3F48EFD}.Debug|Any CPU.Build.0 = Debug|Any CPU
		{5359D5A5-C8F8-430E-98CF-52DCE3F48EFD}.Release|Any CPU.ActiveCfg = Release|Any CPU
		{5359D5A5-C8F8-430E-98CF-52DCE3F48EFD}.Release|Any CPU.Build.0 = Release|Any CPU
		{54087A4F-BBD2-464A-86E7-110A177770FE}.Debug|Any CPU.ActiveCfg = Debug|Any CPU
		{54087A4F-BBD2-464A-86E7-110A177770FE}.Debug|Any CPU.Build.0 = Debug|Any CPU
		{54087A4F-BBD2-464A-86E7-110A177770FE}.Release|Any CPU.ActiveCfg = Release|Any CPU
		{54087A4F-BBD2-464A-86E7-110A177770FE}.Release|Any CPU.Build.0 = Release|Any CPU
		{5D87C51F-E2BC-1CBF-36A4-FA03D3A09904}.Debug|Any CPU.ActiveCfg = Debug|Any CPU
		{5D87C51F-E2BC-1CBF-36A4-FA03D3A09904}.Debug|Any CPU.Build.0 = Debug|Any CPU
		{5D87C51F-E2BC-1CBF-36A4-FA03D3A09904}.Release|Any CPU.ActiveCfg = Release|Any CPU
		{5D87C51F-E2BC-1CBF-36A4-FA03D3A09904}.Release|Any CPU.Build.0 = Release|Any CPU
		{356A77BF-AE0A-492D-9A77-1CE170F3D93B}.Debug|Any CPU.ActiveCfg = Debug|Any CPU
		{356A77BF-AE0A-492D-9A77-1CE170F3D93B}.Debug|Any CPU.Build.0 = Debug|Any CPU
		{356A77BF-AE0A-492D-9A77-1CE170F3D93B}.Release|Any CPU.ActiveCfg = Release|Any CPU
		{356A77BF-AE0A-492D-9A77-1CE170F3D93B}.Release|Any CPU.Build.0 = Release|Any CPU
		{0951B695-2F68-4BCC-94D6-D03F3236E75A}.Debug|Any CPU.ActiveCfg = Debug|Any CPU
		{0951B695-2F68-4BCC-94D6-D03F3236E75A}.Debug|Any CPU.Build.0 = Debug|Any CPU
		{0951B695-2F68-4BCC-94D6-D03F3236E75A}.Release|Any CPU.ActiveCfg = Release|Any CPU
		{0951B695-2F68-4BCC-94D6-D03F3236E75A}.Release|Any CPU.Build.0 = Release|Any CPU
		{A48688A9-F4EE-48CB-9838-64EBCC5B933C}.Debug|Any CPU.ActiveCfg = Debug|Any CPU
		{A48688A9-F4EE-48CB-9838-64EBCC5B933C}.Debug|Any CPU.Build.0 = Debug|Any CPU
		{A48688A9-F4EE-48CB-9838-64EBCC5B933C}.Release|Any CPU.ActiveCfg = Release|Any CPU
		{A48688A9-F4EE-48CB-9838-64EBCC5B933C}.Release|Any CPU.Build.0 = Release|Any CPU
		{B637F49E-F6DF-44B7-B921-01A8B4BCBC17}.Debug|Any CPU.ActiveCfg = Debug|Any CPU
		{B637F49E-F6DF-44B7-B921-01A8B4BCBC17}.Debug|Any CPU.Build.0 = Debug|Any CPU
		{B637F49E-F6DF-44B7-B921-01A8B4BCBC17}.Release|Any CPU.ActiveCfg = Release|Any CPU
		{B637F49E-F6DF-44B7-B921-01A8B4BCBC17}.Release|Any CPU.Build.0 = Release|Any CPU
	EndGlobalSection
	GlobalSection(SolutionProperties) = preSolution
		HideSolutionNode = FALSE
	EndGlobalSection
	GlobalSection(NestedProjects) = preSolution
		{5D87C51F-E2BC-1CBF-36A4-FA03D3A09904} = {02EA681E-C7D8-13C7-8484-4AC65E1B71E8}
		{356A77BF-AE0A-492D-9A77-1CE170F3D93B} = {02EA681E-C7D8-13C7-8484-4AC65E1B71E8}
		{0951B695-2F68-4BCC-94D6-D03F3236E75A} = {02EA681E-C7D8-13C7-8484-4AC65E1B71E8}
		{A48688A9-F4EE-48CB-9838-64EBCC5B933C} = {02EA681E-C7D8-13C7-8484-4AC65E1B71E8}
		{B637F49E-F6DF-44B7-B921-01A8B4BCBC17} = {02EA681E-C7D8-13C7-8484-4AC65E1B71E8}
	EndGlobalSection
	GlobalSection(ExtensibilityGlobals) = postSolution
		SolutionGuid = {FF840A73-EBBC-456B-A425-AD1AA68D2C2B}
	EndGlobalSection
EndGlobal
