
Microsoft Visual Studio Solution File, Format Version 12.00
# Visual Studio Version 16
VisualStudioVersion = 16.0.30503.244
MinimumVisualStudioVersion = 10.0.40219.1
Project("{FAE04EC0-301F-11D3-BF4B-00C04F79EFBC}") = "CodeComplianceTest_oM", "Test_oM\CodeComplianceTest_oM.csproj", "{F758FC9C-CEDF-430D-AEFF-2B1E196F677B}"
EndProject
Project("{FAE04EC0-301F-11D3-BF4B-00C04F79EFBC}") = "InteroperabilityTest_Engine", "InteroperabilityTest_Engine\InteroperabilityTest_Engine.csproj", "{DF4047D7-2883-4763-83C0-B1D3B391D454}"
EndProject
Project("{FAE04EC0-301F-11D3-BF4B-00C04F79EFBC}") = "CodeComplianceTest_Engine", "CodeComplianceTest_Engine\CodeComplianceTest_Engine.csproj", "{5E17BA6F-F159-47DD-865C-F2DAA235AAC7}"
EndProject
Project("{FAE04EC0-301F-11D3-BF4B-00C04F79EFBC}") = "CodeComplianceTest_Test", "CodeComplianceTest_Test\CodeComplianceTest_Test.csproj", "{9991DC89-7BD1-485F-B756-510CEF48E4F0}"
	ProjectSection(ProjectDependencies) = postProject
		{5E17BA6F-F159-47DD-865C-F2DAA235AAC7} = {5E17BA6F-F159-47DD-865C-F2DAA235AAC7}
		{F758FC9C-CEDF-430D-AEFF-2B1E196F677B} = {F758FC9C-CEDF-430D-AEFF-2B1E196F677B}
	EndProjectSection
EndProject
Project("{FAE04EC0-301F-11D3-BF4B-00C04F79EFBC}") = "Test_Engine", "Test_Engine\Test_Engine.csproj", "{5FC85409-DBC5-4B0D-A2AA-1D9542F0763B}"
EndProject
Project("{FAE04EC0-301F-11D3-BF4B-00C04F79EFBC}") = "UnitTest_Engine", "UnitTest_Engine\UnitTest_Engine.csproj", "{768934CA-E6CF-44D3-9F74-611D4E58B1AE}"
EndProject
Project("{FAE04EC0-301F-11D3-BF4B-00C04F79EFBC}") = "InteroperabilityTest_oM", "InteroperabilityTest_oM\InteroperabilityTest_oM.csproj", "{8AA8B55E-0C55-4356-BF8B-98B98F6C346C}"
EndProject
Global
	GlobalSection(SolutionConfigurationPlatforms) = preSolution
		ComplianceTestBuild|Any CPU = ComplianceTestBuild|Any CPU
		Debug|Any CPU = Debug|Any CPU
		Release|Any CPU = Release|Any CPU
	EndGlobalSection
	GlobalSection(ProjectConfigurationPlatforms) = postSolution
		{F758FC9C-CEDF-430D-AEFF-2B1E196F677B}.ComplianceTestBuild|Any CPU.ActiveCfg = ComplianceTestBuild|Any CPU
		{F758FC9C-CEDF-430D-AEFF-2B1E196F677B}.ComplianceTestBuild|Any CPU.Build.0 = ComplianceTestBuild|Any CPU
		{F758FC9C-CEDF-430D-AEFF-2B1E196F677B}.Debug|Any CPU.ActiveCfg = Debug|Any CPU
		{F758FC9C-CEDF-430D-AEFF-2B1E196F677B}.Debug|Any CPU.Build.0 = Debug|Any CPU
		{F758FC9C-CEDF-430D-AEFF-2B1E196F677B}.Release|Any CPU.ActiveCfg = Release|Any CPU
		{F758FC9C-CEDF-430D-AEFF-2B1E196F677B}.Release|Any CPU.Build.0 = Release|Any CPU
		{DF4047D7-2883-4763-83C0-B1D3B391D454}.ComplianceTestBuild|Any CPU.ActiveCfg = ComplianceTestBuild|Any CPU
		{DF4047D7-2883-4763-83C0-B1D3B391D454}.Debug|Any CPU.ActiveCfg = Debug|Any CPU
		{DF4047D7-2883-4763-83C0-B1D3B391D454}.Debug|Any CPU.Build.0 = Debug|Any CPU
		{DF4047D7-2883-4763-83C0-B1D3B391D454}.Release|Any CPU.ActiveCfg = Release|Any CPU
		{DF4047D7-2883-4763-83C0-B1D3B391D454}.Release|Any CPU.Build.0 = Release|Any CPU
		{5E17BA6F-F159-47DD-865C-F2DAA235AAC7}.ComplianceTestBuild|Any CPU.ActiveCfg = ComplianceTestBuild|Any CPU
		{5E17BA6F-F159-47DD-865C-F2DAA235AAC7}.ComplianceTestBuild|Any CPU.Build.0 = ComplianceTestBuild|Any CPU
		{5E17BA6F-F159-47DD-865C-F2DAA235AAC7}.Debug|Any CPU.ActiveCfg = Debug|Any CPU
		{5E17BA6F-F159-47DD-865C-F2DAA235AAC7}.Debug|Any CPU.Build.0 = Debug|Any CPU
		{5E17BA6F-F159-47DD-865C-F2DAA235AAC7}.Release|Any CPU.ActiveCfg = Release|Any CPU
		{5E17BA6F-F159-47DD-865C-F2DAA235AAC7}.Release|Any CPU.Build.0 = Release|Any CPU
		{9991DC89-7BD1-485F-B756-510CEF48E4F0}.ComplianceTestBuild|Any CPU.ActiveCfg = ComplianceTestBuild|Any CPU
		{9991DC89-7BD1-485F-B756-510CEF48E4F0}.ComplianceTestBuild|Any CPU.Build.0 = ComplianceTestBuild|Any CPU
		{9991DC89-7BD1-485F-B756-510CEF48E4F0}.Debug|Any CPU.ActiveCfg = Debug|Any CPU
		{9991DC89-7BD1-485F-B756-510CEF48E4F0}.Debug|Any CPU.Build.0 = Debug|Any CPU
		{9991DC89-7BD1-485F-B756-510CEF48E4F0}.Release|Any CPU.ActiveCfg = Release|Any CPU
		{9991DC89-7BD1-485F-B756-510CEF48E4F0}.Release|Any CPU.Build.0 = Release|Any CPU
		{5FC85409-DBC5-4B0D-A2AA-1D9542F0763B}.ComplianceTestBuild|Any CPU.ActiveCfg = Release|Any CPU
		{5FC85409-DBC5-4B0D-A2AA-1D9542F0763B}.ComplianceTestBuild|Any CPU.Build.0 = Release|Any CPU
		{5FC85409-DBC5-4B0D-A2AA-1D9542F0763B}.Debug|Any CPU.ActiveCfg = Debug|Any CPU
		{5FC85409-DBC5-4B0D-A2AA-1D9542F0763B}.Debug|Any CPU.Build.0 = Debug|Any CPU
		{5FC85409-DBC5-4B0D-A2AA-1D9542F0763B}.Release|Any CPU.ActiveCfg = Release|Any CPU
		{5FC85409-DBC5-4B0D-A2AA-1D9542F0763B}.Release|Any CPU.Build.0 = Release|Any CPU
		{768934CA-E6CF-44D3-9F74-611D4E58B1AE}.ComplianceTestBuild|Any CPU.ActiveCfg = Release|Any CPU
		{768934CA-E6CF-44D3-9F74-611D4E58B1AE}.ComplianceTestBuild|Any CPU.Build.0 = Release|Any CPU
		{768934CA-E6CF-44D3-9F74-611D4E58B1AE}.Debug|Any CPU.ActiveCfg = Debug|Any CPU
		{768934CA-E6CF-44D3-9F74-611D4E58B1AE}.Debug|Any CPU.Build.0 = Debug|Any CPU
		{768934CA-E6CF-44D3-9F74-611D4E58B1AE}.Release|Any CPU.ActiveCfg = Release|Any CPU
		{768934CA-E6CF-44D3-9F74-611D4E58B1AE}.Release|Any CPU.Build.0 = Release|Any CPU
		{8AA8B55E-0C55-4356-BF8B-98B98F6C346C}.ComplianceTestBuild|Any CPU.ActiveCfg = Debug|Any CPU
		{8AA8B55E-0C55-4356-BF8B-98B98F6C346C}.ComplianceTestBuild|Any CPU.Build.0 = Debug|Any CPU
		{8AA8B55E-0C55-4356-BF8B-98B98F6C346C}.Debug|Any CPU.ActiveCfg = Debug|Any CPU
		{8AA8B55E-0C55-4356-BF8B-98B98F6C346C}.Debug|Any CPU.Build.0 = Debug|Any CPU
		{8AA8B55E-0C55-4356-BF8B-98B98F6C346C}.Release|Any CPU.ActiveCfg = Release|Any CPU
		{8AA8B55E-0C55-4356-BF8B-98B98F6C346C}.Release|Any CPU.Build.0 = Release|Any CPU
	EndGlobalSection
	GlobalSection(SolutionProperties) = preSolution
		HideSolutionNode = FALSE
	EndGlobalSection
	GlobalSection(ExtensibilityGlobals) = postSolution
		SolutionGuid = {FF840A73-EBBC-456B-A425-AD1AA68D2C2B}
	EndGlobalSection
EndGlobal
