
Microsoft Visual Studio Solution File, Format Version 12.00
# Visual Studio Version 17
VisualStudioVersion = 17.4.33403.182
MinimumVisualStudioVersion = 10.0.40219.1
Project("{9A19103F-16F7-4668-BE54-9A1E7A4F7556}") = "NUnit_Engine_Tests", "NUnit_Engine_Tests\NUnit_Engine_Tests.csproj", "{7F07DDBA-94BE-44F9-8480-9340AF8966C2}"
EndProject
Project("{9A19103F-16F7-4668-BE54-9A1E7A4F7556}") = "NUnit_Engine", "..\..\NUnit_Engine\NUnit_Engine.csproj", "{A8EF02C7-3F40-4D12-8978-44B4A51DAE8A}"
EndProject
Project("{9A19103F-16F7-4668-BE54-9A1E7A4F7556}") = "Example_Engine", "Example_Engine\Example_Engine.csproj", "{4D3B8B11-60A2-4561-B116-4921EAB932E3}"
EndProject
Project("{9A19103F-16F7-4668-BE54-9A1E7A4F7556}") = "NUnit_oM", "..\..\NUnit_oM\NUnit_oM.csproj", "{B5274FBE-7AF5-48D7-A29B-0121E3F280B7}"
EndProject
Project("{FAE04EC0-301F-11D3-BF4B-00C04F79EFBC}") = "Test_Engine", "..\..\Test_Engine\Test_Engine.csproj", "{5FC85409-DBC5-4B0D-A2AA-1D9542F0763B}"
EndProject
Project("{9A19103F-16F7-4668-BE54-9A1E7A4F7556}") = "NUnit_Engine_WrongReferencesTests", "NUnit_Engine_WrongReferencesTests\NUnit_Engine_WrongReferencesTests.csproj", "{6DF99012-A869-4C60-B1EC-9EBB583FCF3B}"
EndProject
Project("{FAE04EC0-301F-11D3-BF4B-00C04F79EFBC}") = "Test_Engine_Tests", "Test_Engine_Tests\Test_Engine_Tests.csproj", "{239C75FE-B7D6-496E-9F7F-34C70E0F3579}"
EndProject
Global
	GlobalSection(SolutionConfigurationPlatforms) = preSolution
		Debug|Any CPU = Debug|Any CPU
		Release|Any CPU = Release|Any CPU
		Test|Any CPU = Test|Any CPU
	EndGlobalSection
	GlobalSection(ProjectConfigurationPlatforms) = postSolution
		{7F07DDBA-94BE-44F9-8480-9340AF8966C2}.Debug|Any CPU.ActiveCfg = Debug|Any CPU
		{7F07DDBA-94BE-44F9-8480-9340AF8966C2}.Debug|Any CPU.Build.0 = Debug|Any CPU
		{7F07DDBA-94BE-44F9-8480-9340AF8966C2}.Release|Any CPU.ActiveCfg = Release|Any CPU
		{7F07DDBA-94BE-44F9-8480-9340AF8966C2}.Release|Any CPU.Build.0 = Release|Any CPU
		{7F07DDBA-94BE-44F9-8480-9340AF8966C2}.Test|Any CPU.ActiveCfg = Test|Any CPU
		{7F07DDBA-94BE-44F9-8480-9340AF8966C2}.Test|Any CPU.Build.0 = Test|Any CPU
		{A8EF02C7-3F40-4D12-8978-44B4A51DAE8A}.Debug|Any CPU.ActiveCfg = Debug|Any CPU
		{A8EF02C7-3F40-4D12-8978-44B4A51DAE8A}.Debug|Any CPU.Build.0 = Debug|Any CPU
		{A8EF02C7-3F40-4D12-8978-44B4A51DAE8A}.Release|Any CPU.ActiveCfg = Release|Any CPU
		{A8EF02C7-3F40-4D12-8978-44B4A51DAE8A}.Release|Any CPU.Build.0 = Release|Any CPU
		{A8EF02C7-3F40-4D12-8978-44B4A51DAE8A}.Test|Any CPU.ActiveCfg = Test|Any CPU
		{A8EF02C7-3F40-4D12-8978-44B4A51DAE8A}.Test|Any CPU.Build.0 = Test|Any CPU
		{4D3B8B11-60A2-4561-B116-4921EAB932E3}.Debug|Any CPU.ActiveCfg = Debug|Any CPU
		{4D3B8B11-60A2-4561-B116-4921EAB932E3}.Debug|Any CPU.Build.0 = Debug|Any CPU
		{4D3B8B11-60A2-4561-B116-4921EAB932E3}.Release|Any CPU.ActiveCfg = Release|Any CPU
		{4D3B8B11-60A2-4561-B116-4921EAB932E3}.Release|Any CPU.Build.0 = Release|Any CPU
		{4D3B8B11-60A2-4561-B116-4921EAB932E3}.Test|Any CPU.ActiveCfg = Test|Any CPU
		{4D3B8B11-60A2-4561-B116-4921EAB932E3}.Test|Any CPU.Build.0 = Test|Any CPU
		{B5274FBE-7AF5-48D7-A29B-0121E3F280B7}.Debug|Any CPU.ActiveCfg = Debug|Any CPU
		{B5274FBE-7AF5-48D7-A29B-0121E3F280B7}.Debug|Any CPU.Build.0 = Debug|Any CPU
		{B5274FBE-7AF5-48D7-A29B-0121E3F280B7}.Release|Any CPU.ActiveCfg = Release|Any CPU
		{B5274FBE-7AF5-48D7-A29B-0121E3F280B7}.Release|Any CPU.Build.0 = Release|Any CPU
		{B5274FBE-7AF5-48D7-A29B-0121E3F280B7}.Test|Any CPU.ActiveCfg = Test|Any CPU
		{B5274FBE-7AF5-48D7-A29B-0121E3F280B7}.Test|Any CPU.Build.0 = Test|Any CPU
		{5FC85409-DBC5-4B0D-A2AA-1D9542F0763B}.Debug|Any CPU.ActiveCfg = Debug|Any CPU
		{5FC85409-DBC5-4B0D-A2AA-1D9542F0763B}.Debug|Any CPU.Build.0 = Debug|Any CPU
		{5FC85409-DBC5-4B0D-A2AA-1D9542F0763B}.Release|Any CPU.ActiveCfg = Release|Any CPU
		{5FC85409-DBC5-4B0D-A2AA-1D9542F0763B}.Release|Any CPU.Build.0 = Release|Any CPU
		{5FC85409-DBC5-4B0D-A2AA-1D9542F0763B}.Test|Any CPU.ActiveCfg = Test|Any CPU
		{5FC85409-DBC5-4B0D-A2AA-1D9542F0763B}.Test|Any CPU.Build.0 = Test|Any CPU
		{6DF99012-A869-4C60-B1EC-9EBB583FCF3B}.Debug|Any CPU.ActiveCfg = Debug|Any CPU
		{6DF99012-A869-4C60-B1EC-9EBB583FCF3B}.Debug|Any CPU.Build.0 = Debug|Any CPU
		{6DF99012-A869-4C60-B1EC-9EBB583FCF3B}.Release|Any CPU.ActiveCfg = Release|Any CPU
		{6DF99012-A869-4C60-B1EC-9EBB583FCF3B}.Release|Any CPU.Build.0 = Release|Any CPU
		{6DF99012-A869-4C60-B1EC-9EBB583FCF3B}.Test|Any CPU.ActiveCfg = Test|Any CPU
		{6DF99012-A869-4C60-B1EC-9EBB583FCF3B}.Test|Any CPU.Build.0 = Test|Any CPU
		{239C75FE-B7D6-496E-9F7F-34C70E0F3579}.Debug|Any CPU.ActiveCfg = Debug|Any CPU
		{239C75FE-B7D6-496E-9F7F-34C70E0F3579}.Debug|Any CPU.Build.0 = Debug|Any CPU
		{239C75FE-B7D6-496E-9F7F-34C70E0F3579}.Release|Any CPU.ActiveCfg = Release|Any CPU
		{239C75FE-B7D6-496E-9F7F-34C70E0F3579}.Release|Any CPU.Build.0 = Release|Any CPU
		{239C75FE-B7D6-496E-9F7F-34C70E0F3579}.Test|Any CPU.ActiveCfg = Debug|Any CPU
		{239C75FE-B7D6-496E-9F7F-34C70E0F3579}.Test|Any CPU.Build.0 = Debug|Any CPU
	EndGlobalSection
	GlobalSection(SolutionProperties) = preSolution
		HideSolutionNode = FALSE
	EndGlobalSection
	GlobalSection(ExtensibilityGlobals) = postSolution
		SolutionGuid = {E4683EA3-6B59-481F-A59F-BA27DEBBE42B}
	EndGlobalSection
EndGlobal
